// !$*UTF8*$!
{
	archiveVersion = 1;
	classes = {
	};
	objectVersion = 56;
	objects = {

/* Begin PBXBuildFile section */
		5A13D99B2C2FDB5D00CD92D7 /* openapi.yml in Resources */ = {isa = PBXBuildFile; fileRef = 5A13D9992C2FDB5C00CD92D7 /* openapi.yml */; };
		5A13D99C2C2FDB5D00CD92D7 /* openapi-generator-config.yaml in Resources */ = {isa = PBXBuildFile; fileRef = 5A13D99A2C2FDB5C00CD92D7 /* openapi-generator-config.yaml */; };
		5A13D9A52C2FDC0F00CD92D7 /* OpenAPIRuntime in Frameworks */ = {isa = PBXBuildFile; productRef = 5A13D9A42C2FDC0F00CD92D7 /* OpenAPIRuntime */; };
		5A13D9A82C2FDC1F00CD92D7 /* OpenAPIURLSession in Frameworks */ = {isa = PBXBuildFile; productRef = 5A13D9A72C2FDC1F00CD92D7 /* OpenAPIURLSession */; };
		5A13D9B22C3030B300CD92D7 /* PackageCardView.swift in Sources */ = {isa = PBXBuildFile; fileRef = 5A13D9B12C3030B300CD92D7 /* PackageCardView.swift */; };
		5A13D9B62C30318300CD92D7 /* HomeView.swift in Sources */ = {isa = PBXBuildFile; fileRef = 5A13D9B52C30318300CD92D7 /* HomeView.swift */; };
		5A13D9BA2C30331200CD92D7 /* ExploreView.swift in Sources */ = {isa = PBXBuildFile; fileRef = 5A13D9B92C30331200CD92D7 /* ExploreView.swift */; };
		5A13D9BD2C30332E00CD92D7 /* ProfileView.swift in Sources */ = {isa = PBXBuildFile; fileRef = 5A13D9BC2C30332E00CD92D7 /* ProfileView.swift */; };
		5A4EA6732C3051880015DC3A /* SettingsView.swift in Sources */ = {isa = PBXBuildFile; fileRef = 5A4EA6722C3051880015DC3A /* SettingsView.swift */; };
		5A5427002C311D2800CE2514 /* PackageView.swift in Sources */ = {isa = PBXBuildFile; fileRef = 5A5426FF2C311D2800CE2514 /* PackageView.swift */; };
		5A5427032C31960200CE2514 /* PackageVersionsView.swift in Sources */ = {isa = PBXBuildFile; fileRef = 5A5427022C31960200CE2514 /* PackageVersionsView.swift */; };
		5A5427062C31984B00CE2514 /* PackageScoreView.swift in Sources */ = {isa = PBXBuildFile; fileRef = 5A5427052C31984B00CE2514 /* PackageScoreView.swift */; };
		5A5427092C31ADB800CE2514 /* ScopesView.swift in Sources */ = {isa = PBXBuildFile; fileRef = 5A5427082C31ADB800CE2514 /* ScopesView.swift */; };
		5A54270C2C31BACB00CE2514 /* ScopeMembersView.swift in Sources */ = {isa = PBXBuildFile; fileRef = 5A54270B2C31BACB00CE2514 /* ScopeMembersView.swift */; };
		5AA8B5612C2FD11A00CEAF89 /* JSRApp.swift in Sources */ = {isa = PBXBuildFile; fileRef = 5AA8B5602C2FD11A00CEAF89 /* JSRApp.swift */; };
		5AA8B5632C2FD11A00CEAF89 /* ContentView.swift in Sources */ = {isa = PBXBuildFile; fileRef = 5AA8B5622C2FD11A00CEAF89 /* ContentView.swift */; };
		5AA8B5652C2FD11B00CEAF89 /* Assets.xcassets in Resources */ = {isa = PBXBuildFile; fileRef = 5AA8B5642C2FD11B00CEAF89 /* Assets.xcassets */; };
		5AA8B5682C2FD11B00CEAF89 /* Preview Assets.xcassets in Resources */ = {isa = PBXBuildFile; fileRef = 5AA8B5672C2FD11B00CEAF89 /* Preview Assets.xcassets */; };
/* End PBXBuildFile section */

/* Begin PBXFileReference section */
		5A13D9992C2FDB5C00CD92D7 /* openapi.yml */ = {isa = PBXFileReference; fileEncoding = 4; lastKnownFileType = text.yaml; name = openapi.yml; path = ../../JSRClient/Sources/openapi.yml; sourceTree = "<group>"; };
		5A13D99A2C2FDB5C00CD92D7 /* openapi-generator-config.yaml */ = {isa = PBXFileReference; fileEncoding = 4; lastKnownFileType = text.yaml; name = "openapi-generator-config.yaml"; path = "../../JSRClient/Sources/openapi-generator-config.yaml"; sourceTree = "<group>"; };
		5A13D9B12C3030B300CD92D7 /* PackageCardView.swift */ = {isa = PBXFileReference; lastKnownFileType = sourcecode.swift; path = PackageCardView.swift; sourceTree = "<group>"; };
		5A13D9B52C30318300CD92D7 /* HomeView.swift */ = {isa = PBXFileReference; lastKnownFileType = sourcecode.swift; path = HomeView.swift; sourceTree = "<group>"; };
		5A13D9B92C30331200CD92D7 /* ExploreView.swift */ = {isa = PBXFileReference; lastKnownFileType = sourcecode.swift; path = ExploreView.swift; sourceTree = "<group>"; };
		5A13D9BC2C30332E00CD92D7 /* ProfileView.swift */ = {isa = PBXFileReference; lastKnownFileType = sourcecode.swift; path = ProfileView.swift; sourceTree = "<group>"; };
		5A4EA6722C3051880015DC3A /* SettingsView.swift */ = {isa = PBXFileReference; lastKnownFileType = sourcecode.swift; path = SettingsView.swift; sourceTree = "<group>"; };
		5A5426FF2C311D2800CE2514 /* PackageView.swift */ = {isa = PBXFileReference; lastKnownFileType = sourcecode.swift; path = PackageView.swift; sourceTree = "<group>"; };
		5A5427022C31960200CE2514 /* PackageVersionsView.swift */ = {isa = PBXFileReference; lastKnownFileType = sourcecode.swift; path = PackageVersionsView.swift; sourceTree = "<group>"; };
		5A5427052C31984B00CE2514 /* PackageScoreView.swift */ = {isa = PBXFileReference; lastKnownFileType = sourcecode.swift; path = PackageScoreView.swift; sourceTree = "<group>"; };
		5A5427082C31ADB800CE2514 /* ScopesView.swift */ = {isa = PBXFileReference; lastKnownFileType = sourcecode.swift; path = ScopesView.swift; sourceTree = "<group>"; };
		5A54270B2C31BACB00CE2514 /* ScopeMembersView.swift */ = {isa = PBXFileReference; lastKnownFileType = sourcecode.swift; path = ScopeMembersView.swift; sourceTree = "<group>"; };
		5AA8B55D2C2FD11A00CEAF89 /* JSR.app */ = {isa = PBXFileReference; explicitFileType = wrapper.application; includeInIndex = 0; path = JSR.app; sourceTree = BUILT_PRODUCTS_DIR; };
		5AA8B5602C2FD11A00CEAF89 /* JSRApp.swift */ = {isa = PBXFileReference; lastKnownFileType = sourcecode.swift; path = JSRApp.swift; sourceTree = "<group>"; };
		5AA8B5622C2FD11A00CEAF89 /* ContentView.swift */ = {isa = PBXFileReference; lastKnownFileType = sourcecode.swift; path = ContentView.swift; sourceTree = "<group>"; };
		5AA8B5642C2FD11B00CEAF89 /* Assets.xcassets */ = {isa = PBXFileReference; lastKnownFileType = folder.assetcatalog; path = Assets.xcassets; sourceTree = "<group>"; };
		5AA8B5672C2FD11B00CEAF89 /* Preview Assets.xcassets */ = {isa = PBXFileReference; lastKnownFileType = folder.assetcatalog; path = "Preview Assets.xcassets"; sourceTree = "<group>"; };
/* End PBXFileReference section */

/* Begin PBXFrameworksBuildPhase section */
		5AA8B55A2C2FD11A00CEAF89 /* Frameworks */ = {
			isa = PBXFrameworksBuildPhase;
			buildActionMask = 2147483647;
			files = (
				5A13D9A82C2FDC1F00CD92D7 /* OpenAPIURLSession in Frameworks */,
				5A13D9A52C2FDC0F00CD92D7 /* OpenAPIRuntime in Frameworks */,
			);
			runOnlyForDeploymentPostprocessing = 0;
		};
/* End PBXFrameworksBuildPhase section */

/* Begin PBXGroup section */
		5AA8B5542C2FD11A00CEAF89 = {
			isa = PBXGroup;
			children = (
				5AA8B55F2C2FD11A00CEAF89 /* JSR */,
				5AA8B55E2C2FD11A00CEAF89 /* Products */,
			);
			sourceTree = "<group>";
		};
		5AA8B55E2C2FD11A00CEAF89 /* Products */ = {
			isa = PBXGroup;
			children = (
				5AA8B55D2C2FD11A00CEAF89 /* JSR.app */,
			);
			name = Products;
			sourceTree = "<group>";
		};
		5AA8B55F2C2FD11A00CEAF89 /* JSR */ = {
			isa = PBXGroup;
			children = (
				5A13D9B12C3030B300CD92D7 /* PackageCardView.swift */,
				5AA8B5602C2FD11A00CEAF89 /* JSRApp.swift */,
				5A13D99A2C2FDB5C00CD92D7 /* openapi-generator-config.yaml */,
				5A13D9992C2FDB5C00CD92D7 /* openapi.yml */,
				5A13D9B52C30318300CD92D7 /* HomeView.swift */,
				5AA8B5622C2FD11A00CEAF89 /* ContentView.swift */,
				5AA8B5642C2FD11B00CEAF89 /* Assets.xcassets */,
				5AA8B5662C2FD11B00CEAF89 /* Preview Content */,
				5A13D9B92C30331200CD92D7 /* ExploreView.swift */,
				5A13D9BC2C30332E00CD92D7 /* ProfileView.swift */,
				5A4EA6722C3051880015DC3A /* SettingsView.swift */,
				5A5426FF2C311D2800CE2514 /* PackageView.swift */,
				5A5427022C31960200CE2514 /* PackageVersionsView.swift */,
				5A5427052C31984B00CE2514 /* PackageScoreView.swift */,
				5A5427082C31ADB800CE2514 /* ScopesView.swift */,
				5A54270B2C31BACB00CE2514 /* ScopeMembersView.swift */,
			);
			path = JSR;
			sourceTree = "<group>";
		};
		5AA8B5662C2FD11B00CEAF89 /* Preview Content */ = {
			isa = PBXGroup;
			children = (
				5AA8B5672C2FD11B00CEAF89 /* Preview Assets.xcassets */,
			);
			path = "Preview Content";
			sourceTree = "<group>";
		};
/* End PBXGroup section */

/* Begin PBXNativeTarget section */
		5AA8B55C2C2FD11A00CEAF89 /* JSR */ = {
			isa = PBXNativeTarget;
			buildConfigurationList = 5AA8B56B2C2FD11B00CEAF89 /* Build configuration list for PBXNativeTarget "JSR" */;
			buildPhases = (
				5AA8B5592C2FD11A00CEAF89 /* Sources */,
				5AA8B55A2C2FD11A00CEAF89 /* Frameworks */,
				5AA8B55B2C2FD11A00CEAF89 /* Resources */,
			);
			buildRules = (
			);
			dependencies = (
				5A13D9AA2C2FDC3700CD92D7 /* PBXTargetDependency */,
			);
			name = JSR;
			packageProductDependencies = (
				5A13D9A42C2FDC0F00CD92D7 /* OpenAPIRuntime */,
				5A13D9A72C2FDC1F00CD92D7 /* OpenAPIURLSession */,
			);
			productName = JSR;
			productReference = 5AA8B55D2C2FD11A00CEAF89 /* JSR.app */;
			productType = "com.apple.product-type.application";
		};
/* End PBXNativeTarget section */

/* Begin PBXProject section */
		5AA8B5552C2FD11A00CEAF89 /* Project object */ = {
			isa = PBXProject;
			attributes = {
				BuildIndependentTargetsInParallel = 1;
				LastSwiftUpdateCheck = 1500;
				LastUpgradeCheck = 1500;
				TargetAttributes = {
					5AA8B55C2C2FD11A00CEAF89 = {
						CreatedOnToolsVersion = 15.0.1;
					};
				};
			};
			buildConfigurationList = 5AA8B5582C2FD11A00CEAF89 /* Build configuration list for PBXProject "JSR" */;
			compatibilityVersion = "Xcode 14.0";
			developmentRegion = en;
			hasScannedForEncodings = 0;
			knownRegions = (
				en,
				Base,
			);
			mainGroup = 5AA8B5542C2FD11A00CEAF89;
			packageReferences = (
				5A13D9A22C2FDBF900CD92D7 /* XCRemoteSwiftPackageReference "swift-openapi-generator" */,
				5A13D9A32C2FDC0F00CD92D7 /* XCRemoteSwiftPackageReference "swift-openapi-runtime" */,
				5A13D9A62C2FDC1F00CD92D7 /* XCRemoteSwiftPackageReference "swift-openapi-urlsession" */,
			);
			productRefGroup = 5AA8B55E2C2FD11A00CEAF89 /* Products */;
			projectDirPath = "";
			projectRoot = "";
			targets = (
				5AA8B55C2C2FD11A00CEAF89 /* JSR */,
			);
		};
/* End PBXProject section */

/* Begin PBXResourcesBuildPhase section */
		5AA8B55B2C2FD11A00CEAF89 /* Resources */ = {
			isa = PBXResourcesBuildPhase;
			buildActionMask = 2147483647;
			files = (
				5AA8B5682C2FD11B00CEAF89 /* Preview Assets.xcassets in Resources */,
				5A13D99C2C2FDB5D00CD92D7 /* openapi-generator-config.yaml in Resources */,
				5A13D99B2C2FDB5D00CD92D7 /* openapi.yml in Resources */,
				5AA8B5652C2FD11B00CEAF89 /* Assets.xcassets in Resources */,
			);
			runOnlyForDeploymentPostprocessing = 0;
		};
/* End PBXResourcesBuildPhase section */

/* Begin PBXSourcesBuildPhase section */
		5AA8B5592C2FD11A00CEAF89 /* Sources */ = {
			isa = PBXSourcesBuildPhase;
			buildActionMask = 2147483647;
			files = (
				5A4EA6732C3051880015DC3A /* SettingsView.swift in Sources */,
				5AA8B5632C2FD11A00CEAF89 /* ContentView.swift in Sources */,
				5A5427092C31ADB800CE2514 /* ScopesView.swift in Sources */,
				5A13D9B62C30318300CD92D7 /* HomeView.swift in Sources */,
				5A5427002C311D2800CE2514 /* PackageView.swift in Sources */,
				5A54270C2C31BACB00CE2514 /* ScopeMembersView.swift in Sources */,
				5AA8B5612C2FD11A00CEAF89 /* JSRApp.swift in Sources */,
				5A5427032C31960200CE2514 /* PackageVersionsView.swift in Sources */,
				5A5427062C31984B00CE2514 /* PackageScoreView.swift in Sources */,
				5A13D9B22C3030B300CD92D7 /* PackageCardView.swift in Sources */,
				5A13D9BD2C30332E00CD92D7 /* ProfileView.swift in Sources */,
				5A13D9BA2C30331200CD92D7 /* ExploreView.swift in Sources */,
			);
			runOnlyForDeploymentPostprocessing = 0;
		};
/* End PBXSourcesBuildPhase section */

/* Begin PBXTargetDependency section */
		5A13D9AA2C2FDC3700CD92D7 /* PBXTargetDependency */ = {
			isa = PBXTargetDependency;
			productRef = 5A13D9A92C2FDC3700CD92D7 /* OpenAPIGenerator */;
		};
/* End PBXTargetDependency section */

/* Begin XCBuildConfiguration section */
		5AA8B5692C2FD11B00CEAF89 /* Debug */ = {
			isa = XCBuildConfiguration;
			buildSettings = {
				ALWAYS_SEARCH_USER_PATHS = NO;
				ASSETCATALOG_COMPILER_GENERATE_SWIFT_ASSET_SYMBOL_EXTENSIONS = YES;
				CLANG_ANALYZER_NONNULL = YES;
				CLANG_ANALYZER_NUMBER_OBJECT_CONVERSION = YES_AGGRESSIVE;
				CLANG_CXX_LANGUAGE_STANDARD = "gnu++20";
				CLANG_ENABLE_MODULES = YES;
				CLANG_ENABLE_OBJC_ARC = YES;
				CLANG_ENABLE_OBJC_WEAK = YES;
				CLANG_WARN_BLOCK_CAPTURE_AUTORELEASING = YES;
				CLANG_WARN_BOOL_CONVERSION = YES;
				CLANG_WARN_COMMA = YES;
				CLANG_WARN_CONSTANT_CONVERSION = YES;
				CLANG_WARN_DEPRECATED_OBJC_IMPLEMENTATIONS = YES;
				CLANG_WARN_DIRECT_OBJC_ISA_USAGE = YES_ERROR;
				CLANG_WARN_DOCUMENTATION_COMMENTS = YES;
				CLANG_WARN_EMPTY_BODY = YES;
				CLANG_WARN_ENUM_CONVERSION = YES;
				CLANG_WARN_INFINITE_RECURSION = YES;
				CLANG_WARN_INT_CONVERSION = YES;
				CLANG_WARN_NON_LITERAL_NULL_CONVERSION = YES;
				CLANG_WARN_OBJC_IMPLICIT_RETAIN_SELF = YES;
				CLANG_WARN_OBJC_LITERAL_CONVERSION = YES;
				CLANG_WARN_OBJC_ROOT_CLASS = YES_ERROR;
				CLANG_WARN_QUOTED_INCLUDE_IN_FRAMEWORK_HEADER = YES;
				CLANG_WARN_RANGE_LOOP_ANALYSIS = YES;
				CLANG_WARN_STRICT_PROTOTYPES = YES;
				CLANG_WARN_SUSPICIOUS_MOVE = YES;
				CLANG_WARN_UNGUARDED_AVAILABILITY = YES_AGGRESSIVE;
				CLANG_WARN_UNREACHABLE_CODE = YES;
				CLANG_WARN__DUPLICATE_METHOD_MATCH = YES;
				COPY_PHASE_STRIP = NO;
				DEBUG_INFORMATION_FORMAT = dwarf;
				ENABLE_STRICT_OBJC_MSGSEND = YES;
				ENABLE_TESTABILITY = YES;
				ENABLE_USER_SCRIPT_SANDBOXING = YES;
				GCC_C_LANGUAGE_STANDARD = gnu17;
				GCC_DYNAMIC_NO_PIC = NO;
				GCC_NO_COMMON_BLOCKS = YES;
				GCC_OPTIMIZATION_LEVEL = 0;
				GCC_PREPROCESSOR_DEFINITIONS = (
					"DEBUG=1",
					"$(inherited)",
				);
				GCC_WARN_64_TO_32_BIT_CONVERSION = YES;
				GCC_WARN_ABOUT_RETURN_TYPE = YES_ERROR;
				GCC_WARN_UNDECLARED_SELECTOR = YES;
				GCC_WARN_UNINITIALIZED_AUTOS = YES_AGGRESSIVE;
				GCC_WARN_UNUSED_FUNCTION = YES;
				GCC_WARN_UNUSED_VARIABLE = YES;
				IPHONEOS_DEPLOYMENT_TARGET = 17.0;
				LOCALIZATION_PREFERS_STRING_CATALOGS = YES;
				MTL_ENABLE_DEBUG_INFO = INCLUDE_SOURCE;
				MTL_FAST_MATH = YES;
				ONLY_ACTIVE_ARCH = YES;
				SDKROOT = iphoneos;
				SWIFT_ACTIVE_COMPILATION_CONDITIONS = "DEBUG $(inherited)";
				SWIFT_OPTIMIZATION_LEVEL = "-Onone";
			};
			name = Debug;
		};
		5AA8B56A2C2FD11B00CEAF89 /* Release */ = {
			isa = XCBuildConfiguration;
			buildSettings = {
				ALWAYS_SEARCH_USER_PATHS = NO;
				ASSETCATALOG_COMPILER_GENERATE_SWIFT_ASSET_SYMBOL_EXTENSIONS = YES;
				CLANG_ANALYZER_NONNULL = YES;
				CLANG_ANALYZER_NUMBER_OBJECT_CONVERSION = YES_AGGRESSIVE;
				CLANG_CXX_LANGUAGE_STANDARD = "gnu++20";
				CLANG_ENABLE_MODULES = YES;
				CLANG_ENABLE_OBJC_ARC = YES;
				CLANG_ENABLE_OBJC_WEAK = YES;
				CLANG_WARN_BLOCK_CAPTURE_AUTORELEASING = YES;
				CLANG_WARN_BOOL_CONVERSION = YES;
				CLANG_WARN_COMMA = YES;
				CLANG_WARN_CONSTANT_CONVERSION = YES;
				CLANG_WARN_DEPRECATED_OBJC_IMPLEMENTATIONS = YES;
				CLANG_WARN_DIRECT_OBJC_ISA_USAGE = YES_ERROR;
				CLANG_WARN_DOCUMENTATION_COMMENTS = YES;
				CLANG_WARN_EMPTY_BODY = YES;
				CLANG_WARN_ENUM_CONVERSION = YES;
				CLANG_WARN_INFINITE_RECURSION = YES;
				CLANG_WARN_INT_CONVERSION = YES;
				CLANG_WARN_NON_LITERAL_NULL_CONVERSION = YES;
				CLANG_WARN_OBJC_IMPLICIT_RETAIN_SELF = YES;
				CLANG_WARN_OBJC_LITERAL_CONVERSION = YES;
				CLANG_WARN_OBJC_ROOT_CLASS = YES_ERROR;
				CLANG_WARN_QUOTED_INCLUDE_IN_FRAMEWORK_HEADER = YES;
				CLANG_WARN_RANGE_LOOP_ANALYSIS = YES;
				CLANG_WARN_STRICT_PROTOTYPES = YES;
				CLANG_WARN_SUSPICIOUS_MOVE = YES;
				CLANG_WARN_UNGUARDED_AVAILABILITY = YES_AGGRESSIVE;
				CLANG_WARN_UNREACHABLE_CODE = YES;
				CLANG_WARN__DUPLICATE_METHOD_MATCH = YES;
				COPY_PHASE_STRIP = NO;
				DEBUG_INFORMATION_FORMAT = "dwarf-with-dsym";
				ENABLE_NS_ASSERTIONS = NO;
				ENABLE_STRICT_OBJC_MSGSEND = YES;
				ENABLE_USER_SCRIPT_SANDBOXING = YES;
				GCC_C_LANGUAGE_STANDARD = gnu17;
				GCC_NO_COMMON_BLOCKS = YES;
				GCC_WARN_64_TO_32_BIT_CONVERSION = YES;
				GCC_WARN_ABOUT_RETURN_TYPE = YES_ERROR;
				GCC_WARN_UNDECLARED_SELECTOR = YES;
				GCC_WARN_UNINITIALIZED_AUTOS = YES_AGGRESSIVE;
				GCC_WARN_UNUSED_FUNCTION = YES;
				GCC_WARN_UNUSED_VARIABLE = YES;
				IPHONEOS_DEPLOYMENT_TARGET = 17.0;
				LOCALIZATION_PREFERS_STRING_CATALOGS = YES;
				MTL_ENABLE_DEBUG_INFO = NO;
				MTL_FAST_MATH = YES;
				SDKROOT = iphoneos;
				SWIFT_COMPILATION_MODE = wholemodule;
				VALIDATE_PRODUCT = YES;
			};
			name = Release;
		};
		5AA8B56C2C2FD11B00CEAF89 /* Debug */ = {
			isa = XCBuildConfiguration;
			buildSettings = {
				ASSETCATALOG_COMPILER_APPICON_NAME = AppIcon;
				ASSETCATALOG_COMPILER_GLOBAL_ACCENT_COLOR_NAME = AccentColor;
				CODE_SIGN_STYLE = Automatic;
				CURRENT_PROJECT_VERSION = 1;
				DEVELOPMENT_ASSET_PATHS = "\"JSR/Preview Content\"";
				DEVELOPMENT_TEAM = DH5LR62L79;
				ENABLE_PREVIEWS = YES;
				GENERATE_INFOPLIST_FILE = YES;
				INFOPLIST_KEY_UIApplicationSceneManifest_Generation = YES;
				INFOPLIST_KEY_UIApplicationSupportsIndirectInputEvents = YES;
				INFOPLIST_KEY_UILaunchScreen_Generation = YES;
				INFOPLIST_KEY_UISupportedInterfaceOrientations_iPad = "UIInterfaceOrientationPortrait UIInterfaceOrientationPortraitUpsideDown UIInterfaceOrientationLandscapeLeft UIInterfaceOrientationLandscapeRight";
				INFOPLIST_KEY_UISupportedInterfaceOrientations_iPhone = "UIInterfaceOrientationPortrait UIInterfaceOrientationLandscapeLeft UIInterfaceOrientationLandscapeRight";
				LD_RUNPATH_SEARCH_PATHS = (
					"$(inherited)",
					"@executable_path/Frameworks",
				);
				MARKETING_VERSION = 1.0;
				PRODUCT_BUNDLE_IDENTIFIER = com.divy.JSR;
				PRODUCT_NAME = "$(TARGET_NAME)";
				SUPPORTED_PLATFORMS = "iphoneos iphonesimulator";
				SUPPORTS_MACCATALYST = NO;
				SUPPORTS_MAC_DESIGNED_FOR_IPHONE_IPAD = NO;
				SWIFT_EMIT_LOC_STRINGS = YES;
				SWIFT_VERSION = 5.0;
				TARGETED_DEVICE_FAMILY = 1;
			};
			name = Debug;
		};
		5AA8B56D2C2FD11B00CEAF89 /* Release */ = {
			isa = XCBuildConfiguration;
			buildSettings = {
				ASSETCATALOG_COMPILER_APPICON_NAME = AppIcon;
				ASSETCATALOG_COMPILER_GLOBAL_ACCENT_COLOR_NAME = AccentColor;
				CODE_SIGN_STYLE = Automatic;
				CURRENT_PROJECT_VERSION = 1;
				DEVELOPMENT_ASSET_PATHS = "\"JSR/Preview Content\"";
				DEVELOPMENT_TEAM = DH5LR62L79;
				ENABLE_PREVIEWS = YES;
				GENERATE_INFOPLIST_FILE = YES;
				INFOPLIST_KEY_UIApplicationSceneManifest_Generation = YES;
				INFOPLIST_KEY_UIApplicationSupportsIndirectInputEvents = YES;
				INFOPLIST_KEY_UILaunchScreen_Generation = YES;
				INFOPLIST_KEY_UISupportedInterfaceOrientations_iPad = "UIInterfaceOrientationPortrait UIInterfaceOrientationPortraitUpsideDown UIInterfaceOrientationLandscapeLeft UIInterfaceOrientationLandscapeRight";
				INFOPLIST_KEY_UISupportedInterfaceOrientations_iPhone = "UIInterfaceOrientationPortrait UIInterfaceOrientationLandscapeLeft UIInterfaceOrientationLandscapeRight";
				LD_RUNPATH_SEARCH_PATHS = (
					"$(inherited)",
					"@executable_path/Frameworks",
				);
				MARKETING_VERSION = 1.0;
				PRODUCT_BUNDLE_IDENTIFIER = com.divy.JSR;
				PRODUCT_NAME = "$(TARGET_NAME)";
				SUPPORTED_PLATFORMS = "iphoneos iphonesimulator";
				SUPPORTS_MACCATALYST = NO;
				SUPPORTS_MAC_DESIGNED_FOR_IPHONE_IPAD = NO;
				SWIFT_EMIT_LOC_STRINGS = YES;
				SWIFT_VERSION = 5.0;
				TARGETED_DEVICE_FAMILY = 1;
			};
			name = Release;
		};
/* End XCBuildConfiguration section */

/* Begin XCConfigurationList section */
		5AA8B5582C2FD11A00CEAF89 /* Build configuration list for PBXProject "JSR" */ = {
			isa = XCConfigurationList;
			buildConfigurations = (
				5AA8B5692C2FD11B00CEAF89 /* Debug */,
				5AA8B56A2C2FD11B00CEAF89 /* Release */,
			);
			defaultConfigurationIsVisible = 0;
			defaultConfigurationName = Release;
		};
		5AA8B56B2C2FD11B00CEAF89 /* Build configuration list for PBXNativeTarget "JSR" */ = {
			isa = XCConfigurationList;
			buildConfigurations = (
				5AA8B56C2C2FD11B00CEAF89 /* Debug */,
				5AA8B56D2C2FD11B00CEAF89 /* Release */,
			);
			defaultConfigurationIsVisible = 0;
			defaultConfigurationName = Release;
		};
/* End XCConfigurationList section */

/* Begin XCRemoteSwiftPackageReference section */
		5A13D9A22C2FDBF900CD92D7 /* XCRemoteSwiftPackageReference "swift-openapi-generator" */ = {
			isa = XCRemoteSwiftPackageReference;
			repositoryURL = "https://github.com/apple/swift-openapi-generator";
			requirement = {
				kind = upToNextMajorVersion;
				minimumVersion = 1.2.1;
			};
		};
		5A13D9A32C2FDC0F00CD92D7 /* XCRemoteSwiftPackageReference "swift-openapi-runtime" */ = {
			isa = XCRemoteSwiftPackageReference;
			repositoryURL = "https://github.com/apple/swift-openapi-runtime";
			requirement = {
				kind = upToNextMajorVersion;
				minimumVersion = 1.4.0;
			};
		};
		5A13D9A62C2FDC1F00CD92D7 /* XCRemoteSwiftPackageReference "swift-openapi-urlsession" */ = {
			isa = XCRemoteSwiftPackageReference;
			repositoryURL = "https://github.com/apple/swift-openapi-urlsession";
			requirement = {
				kind = upToNextMajorVersion;
				minimumVersion = 1.0.1;
			};
		};
/* End XCRemoteSwiftPackageReference section */

/* Begin XCSwiftPackageProductDependency section */
		5A13D9A42C2FDC0F00CD92D7 /* OpenAPIRuntime */ = {
			isa = XCSwiftPackageProductDependency;
			package = 5A13D9A32C2FDC0F00CD92D7 /* XCRemoteSwiftPackageReference "swift-openapi-runtime" */;
			productName = OpenAPIRuntime;
		};
		5A13D9A72C2FDC1F00CD92D7 /* OpenAPIURLSession */ = {
			isa = XCSwiftPackageProductDependency;
			package = 5A13D9A62C2FDC1F00CD92D7 /* XCRemoteSwiftPackageReference "swift-openapi-urlsession" */;
			productName = OpenAPIURLSession;
		};
		5A13D9A92C2FDC3700CD92D7 /* OpenAPIGenerator */ = {
			isa = XCSwiftPackageProductDependency;
			package = 5A13D9A22C2FDBF900CD92D7 /* XCRemoteSwiftPackageReference "swift-openapi-generator" */;
			productName = "plugin:OpenAPIGenerator";
		};
/* End XCSwiftPackageProductDependency section */
	};
	rootObject = 5AA8B5552C2FD11A00CEAF89 /* Project object */;
}
